
Microsoft Visual Studio Solution File, Format Version 12.00
# Visual Studio 15
VisualStudioVersion = 15.0.28307.1684
MinimumVisualStudioVersion = 10.0.40219.1
Project("{FAE04EC0-301F-11D3-BF4B-00C04F79EFBC}") = "Csharp_hennsuu_kata", "Csharp_hennsuu_kata\Csharp_hennsuu_kata.csproj", "{A486A7FC-EDA7-4406-A8B0-3C388AEB8BBE}"
EndProject
Global
	GlobalSection(SolutionConfigurationPlatforms) = preSolution
		Debug|Any CPU = Debug|Any CPU
		Release|Any CPU = Release|Any CPU
	EndGlobalSection
	GlobalSection(ProjectConfigurationPlatforms) = postSolution
		{A486A7FC-EDA7-4406-A8B0-3C388AEB8BBE}.Debug|Any CPU.ActiveCfg = Debug|Any CPU
		{A486A7FC-EDA7-4406-A8B0-3C388AEB8BBE}.Debug|Any CPU.Build.0 = Debug|Any CPU
		{A486A7FC-EDA7-4406-A8B0-3C388AEB8BBE}.Release|Any CPU.ActiveCfg = Release|Any CPU
		{A486A7FC-EDA7-4406-A8B0-3C388AEB8BBE}.Release|Any CPU.Build.0 = Release|Any CPU
	EndGlobalSection
	GlobalSection(SolutionProperties) = preSolution
		HideSolutionNode = FALSE
	EndGlobalSection
	GlobalSection(ExtensibilityGlobals) = postSolution
		SolutionGuid = {81785079-8917-450D-AB5F-688803A9D135}
	EndGlobalSection
EndGlobal
