
Microsoft Visual Studio Solution File, Format Version 12.00
# Visual Studio 15
VisualStudioVersion = 15.0.28307.1684
MinimumVisualStudioVersion = 10.0.40219.1
Project("{FAE04EC0-301F-11D3-BF4B-00C04F79EFBC}") = "CSharp_FormSakusei2", "CSharp_FormSakusei2\CSharp_FormSakusei2.csproj", "{33A3F4F5-4D73-44B2-8D5F-CDAEBCFCC45F}"
EndProject
Global
	GlobalSection(SolutionConfigurationPlatforms) = preSolution
		Debug|Any CPU = Debug|Any CPU
		Release|Any CPU = Release|Any CPU
	EndGlobalSection
	GlobalSection(ProjectConfigurationPlatforms) = postSolution
		{33A3F4F5-4D73-44B2-8D5F-CDAEBCFCC45F}.Debug|Any CPU.ActiveCfg = Debug|Any CPU
		{33A3F4F5-4D73-44B2-8D5F-CDAEBCFCC45F}.Debug|Any CPU.Build.0 = Debug|Any CPU
		{33A3F4F5-4D73-44B2-8D5F-CDAEBCFCC45F}.Release|Any CPU.ActiveCfg = Release|Any CPU
		{33A3F4F5-4D73-44B2-8D5F-CDAEBCFCC45F}.Release|Any CPU.Build.0 = Release|Any CPU
	EndGlobalSection
	GlobalSection(SolutionProperties) = preSolution
		HideSolutionNode = FALSE
	EndGlobalSection
	GlobalSection(ExtensibilityGlobals) = postSolution
		SolutionGuid = {911ED038-7859-4A1A-B2FE-CED15E96FE7F}
	EndGlobalSection
EndGlobal
